{
    "name": "com.thiago.agenda",
    "version": "1.0.0",
    "lockfileVersion": 1,
    "requires": true,
    "dependencies": {
        "cordova-plugin-contacts": {
            "version": "3.0.1",
            "resolved": "https://registry.npmjs.org/cordova-plugin-contacts/-/cordova-plugin-contacts-3.0.1.tgz",
            "integrity": "sha1-N6ravsk8mCwEo9zaDk8c+glqhKs="
        }
    }
}
